<Solution>
  <Folder Name="/Core/">
    <Project Path="Core/scs.Application/Scs.Application.csproj" />
    <Project Path="Core/scs.Domain/Scs.Domain.csproj" />
  </Folder>
  <Folder Name="/Infrastructure/">
    <Project Path="Infrastructure/Scs.Infrastructure/Scs.Infrastructure.csproj" Id="3650c9ef-db70-464e-a0e9-4a549b20c2c8" />
  </Folder>
  <Folder Name="/Presentation/">
    <Project Path="Presentation/SCS.WebAPI/SCS.WebAPI.csproj" />
  </Folder>
</Solution>
